
Microsoft Visual Studio Solution File, Format Version 12.00
# Visual Studio Version 17
VisualStudioVersion = 17.0.31919.166
MinimumVisualStudioVersion = 10.0.40219.1
Project("{FAE04EC0-301F-11D3-BF4B-00C04F79EFBC}") = "NightMaker.ProjectQueen'sBox.Core", "NightMaker.ProjectQueen'sBox.Core\NightMaker.ProjectQueen'sBox.Core.csproj", "{A9A395C1-4532-4F37-A3EB-CC4FB9B5EC8E}"
EndProject
Project("{FAE04EC0-301F-11D3-BF4B-00C04F79EFBC}") = "NightMaker.ProjectQueen'sBox.WFormUI", "NightMaker.ProjectQueen'sBox.WFormUI\NightMaker.ProjectQueen'sBox.WFormUI.csproj", "{29049ACB-99D0-48A1-BCB7-8854B79891F0}"
EndProject
Project("{FAE04EC0-301F-11D3-BF4B-00C04F79EFBC}") = "NightMaker.ProjectQueen'sBox.WebAPI", "NightMaker.ProjectQueen'sBox.WebAPI\NightMaker.ProjectQueen'sBox.WebAPI.csproj", "{438ED8B1-9356-402F-ACD3-4934444B795E}"
EndProject
Project("{FAE04EC0-301F-11D3-BF4B-00C04F79EFBC}") = "NightMaker.ProjectQueen'sBox.Repository", "NightMaker.ProjectQueen'sBox.Repository\NightMaker.ProjectQueen'sBox.Repository.csproj", "{ADDBE9AC-32E0-4186-84D2-E3E7641E7CE9}"
EndProject
Project("{FAE04EC0-301F-11D3-BF4B-00C04F79EFBC}") = "NightMaker.ProjectQueen'sBox.Service", "NightMaker.ProjectQueen'sBox.Service\NightMaker.ProjectQueen'sBox.Service.csproj", "{58013D2D-2BCD-4E9A-A55A-D86F18A35F1B}"
EndProject
Project("{FAE04EC0-301F-11D3-BF4B-00C04F79EFBC}") = "NightMaker.ProjectQueen'sBox.Cache", "NightMaker.ProjectQueen'sBox.Cache\NightMaker.ProjectQueen'sBox.Cache.csproj", "{2E675CB5-DEF3-4600-97B9-BB8EFB235A57}"
EndProject
Global
	GlobalSection(SolutionConfigurationPlatforms) = preSolution
		Debug|Any CPU = Debug|Any CPU
		Release|Any CPU = Release|Any CPU
	EndGlobalSection
	GlobalSection(ProjectConfigurationPlatforms) = postSolution
		{A9A395C1-4532-4F37-A3EB-CC4FB9B5EC8E}.Debug|Any CPU.ActiveCfg = Debug|Any CPU
		{A9A395C1-4532-4F37-A3EB-CC4FB9B5EC8E}.Debug|Any CPU.Build.0 = Debug|Any CPU
		{A9A395C1-4532-4F37-A3EB-CC4FB9B5EC8E}.Release|Any CPU.ActiveCfg = Release|Any CPU
		{A9A395C1-4532-4F37-A3EB-CC4FB9B5EC8E}.Release|Any CPU.Build.0 = Release|Any CPU
		{29049ACB-99D0-48A1-BCB7-8854B79891F0}.Debug|Any CPU.ActiveCfg = Debug|Any CPU
		{29049ACB-99D0-48A1-BCB7-8854B79891F0}.Debug|Any CPU.Build.0 = Debug|Any CPU
		{29049ACB-99D0-48A1-BCB7-8854B79891F0}.Release|Any CPU.ActiveCfg = Release|Any CPU
		{29049ACB-99D0-48A1-BCB7-8854B79891F0}.Release|Any CPU.Build.0 = Release|Any CPU
		{438ED8B1-9356-402F-ACD3-4934444B795E}.Debug|Any CPU.ActiveCfg = Debug|Any CPU
		{438ED8B1-9356-402F-ACD3-4934444B795E}.Debug|Any CPU.Build.0 = Debug|Any CPU
		{438ED8B1-9356-402F-ACD3-4934444B795E}.Release|Any CPU.ActiveCfg = Release|Any CPU
		{438ED8B1-9356-402F-ACD3-4934444B795E}.Release|Any CPU.Build.0 = Release|Any CPU
		{ADDBE9AC-32E0-4186-84D2-E3E7641E7CE9}.Debug|Any CPU.ActiveCfg = Debug|Any CPU
		{ADDBE9AC-32E0-4186-84D2-E3E7641E7CE9}.Debug|Any CPU.Build.0 = Debug|Any CPU
		{ADDBE9AC-32E0-4186-84D2-E3E7641E7CE9}.Release|Any CPU.ActiveCfg = Release|Any CPU
		{ADDBE9AC-32E0-4186-84D2-E3E7641E7CE9}.Release|Any CPU.Build.0 = Release|Any CPU
		{58013D2D-2BCD-4E9A-A55A-D86F18A35F1B}.Debug|Any CPU.ActiveCfg = Debug|Any CPU
		{58013D2D-2BCD-4E9A-A55A-D86F18A35F1B}.Debug|Any CPU.Build.0 = Debug|Any CPU
		{58013D2D-2BCD-4E9A-A55A-D86F18A35F1B}.Release|Any CPU.ActiveCfg = Release|Any CPU
		{58013D2D-2BCD-4E9A-A55A-D86F18A35F1B}.Release|Any CPU.Build.0 = Release|Any CPU
		{2E675CB5-DEF3-4600-97B9-BB8EFB235A57}.Debug|Any CPU.ActiveCfg = Debug|Any CPU
		{2E675CB5-DEF3-4600-97B9-BB8EFB235A57}.Debug|Any CPU.Build.0 = Debug|Any CPU
		{2E675CB5-DEF3-4600-97B9-BB8EFB235A57}.Release|Any CPU.ActiveCfg = Release|Any CPU
		{2E675CB5-DEF3-4600-97B9-BB8EFB235A57}.Release|Any CPU.Build.0 = Release|Any CPU
	EndGlobalSection
	GlobalSection(SolutionProperties) = preSolution
		HideSolutionNode = FALSE
	EndGlobalSection
	GlobalSection(ExtensibilityGlobals) = postSolution
		SolutionGuid = {E2DDE714-8396-4370-A83B-EE90DE5B3704}
	EndGlobalSection
EndGlobal
